<Solution>
<<<<<<< HEAD
=======
<<<<<<< HEAD
=======
>>>>>>> e646bc11a14e264eb07149d7ad2bca354eabe7f5
  <Project Path="PhotonRealtime.csproj" />
  <Project Path="PhotonUnityNetworking.Editor.csproj" />
  <Project Path="PhotonUnityNetworking.csproj" />
  <Project Path="PhotonUnityNetworking.Demos.csproj" />
  <Project Path="Assembly-CSharp.csproj" />
  <Project Path="PhotonUnityNetworking.Utilities.csproj" />
  <Project Path="PunDemos.DemoHubEditor.csproj" />
  <Project Path="PunDemos.DemoSlotcarEditor.csproj" />
  <Project Path="PhotonChat.csproj" />
  <Project Path="PhotonUnityNetworking.Utilities.PhotonPlayer.Editor.csproj" />
  <Project Path="PhotonUnityNetworking.Utilities.Culling.Editor.csproj" />
<<<<<<< HEAD
=======
>>>>>>> origin/layout_main_lobby
>>>>>>> e646bc11a14e264eb07149d7ad2bca354eabe7f5
</Solution>
